
Microsoft Visual Studio Solution File, Format Version 12.00
# Visual Studio Version 16
VisualStudioVersion = 16.0.29409.12
MinimumVisualStudioVersion = 10.0.40219.1
Project("{9A19103F-16F7-4668-BE54-9A1E7A4F7556}") = "Tiveria.Home.D0", "src\Tiveria.Home.D0\Tiveria.Home.D0.csproj", "{3C6CA1E0-C673-4166-B377-2991F1CC94BF}"
EndProject
Project("{9A19103F-16F7-4668-BE54-9A1E7A4F7556}") = "Tiveria.Home.D0.ParsingService", "src\Tiveria.Home.D0.ParsingService\Tiveria.Home.D0.ParsingService.csproj", "{CCA44E5B-2662-4DE6-95E9-6700723A964B}"
EndProject
Project("{9A19103F-16F7-4668-BE54-9A1E7A4F7556}") = "Tiveria.Home.D0.Tests", "src\Tiveria.Home.D0.Tests\Tiveria.Home.D0.Tests.csproj", "{1514BDD7-FB9A-4AA9-9281-A859508AB779}"
EndProject
Project("{2150E333-8FDC-42A3-9474-1A3956D46DE8}") = "libs", "libs", "{D5CFF0CB-0381-4111-A199-8E5E240A4487}"
EndProject
Project("{9A19103F-16F7-4668-BE54-9A1E7A4F7556}") = "Tiveria.Common", "libs\Tiveria.Common\src\Tiveria.Common\Tiveria.Common.csproj", "{243EF174-6A4C-41C8-841B-8B1C52C9D076}"
EndProject
Global
	GlobalSection(SolutionConfigurationPlatforms) = preSolution
		Debug|Any CPU = Debug|Any CPU
		Release|Any CPU = Release|Any CPU
	EndGlobalSection
	GlobalSection(ProjectConfigurationPlatforms) = postSolution
		{3C6CA1E0-C673-4166-B377-2991F1CC94BF}.Debug|Any CPU.ActiveCfg = Debug|Any CPU
		{3C6CA1E0-C673-4166-B377-2991F1CC94BF}.Debug|Any CPU.Build.0 = Debug|Any CPU
		{3C6CA1E0-C673-4166-B377-2991F1CC94BF}.Release|Any CPU.ActiveCfg = Release|Any CPU
		{3C6CA1E0-C673-4166-B377-2991F1CC94BF}.Release|Any CPU.Build.0 = Release|Any CPU
		{CCA44E5B-2662-4DE6-95E9-6700723A964B}.Debug|Any CPU.ActiveCfg = Debug|Any CPU
		{CCA44E5B-2662-4DE6-95E9-6700723A964B}.Debug|Any CPU.Build.0 = Debug|Any CPU
		{CCA44E5B-2662-4DE6-95E9-6700723A964B}.Release|Any CPU.ActiveCfg = Release|Any CPU
		{CCA44E5B-2662-4DE6-95E9-6700723A964B}.Release|Any CPU.Build.0 = Release|Any CPU
		{1514BDD7-FB9A-4AA9-9281-A859508AB779}.Debug|Any CPU.ActiveCfg = Debug|Any CPU
		{1514BDD7-FB9A-4AA9-9281-A859508AB779}.Debug|Any CPU.Build.0 = Debug|Any CPU
		{1514BDD7-FB9A-4AA9-9281-A859508AB779}.Release|Any CPU.ActiveCfg = Release|Any CPU
		{1514BDD7-FB9A-4AA9-9281-A859508AB779}.Release|Any CPU.Build.0 = Release|Any CPU
		{243EF174-6A4C-41C8-841B-8B1C52C9D076}.Debug|Any CPU.ActiveCfg = Debug|Any CPU
		{243EF174-6A4C-41C8-841B-8B1C52C9D076}.Debug|Any CPU.Build.0 = Debug|Any CPU
		{243EF174-6A4C-41C8-841B-8B1C52C9D076}.Release|Any CPU.ActiveCfg = Release|Any CPU
		{243EF174-6A4C-41C8-841B-8B1C52C9D076}.Release|Any CPU.Build.0 = Release|Any CPU
	EndGlobalSection
	GlobalSection(SolutionProperties) = preSolution
		HideSolutionNode = FALSE
	EndGlobalSection
	GlobalSection(NestedProjects) = preSolution
		{243EF174-6A4C-41C8-841B-8B1C52C9D076} = {D5CFF0CB-0381-4111-A199-8E5E240A4487}
	EndGlobalSection
	GlobalSection(ExtensibilityGlobals) = postSolution
		SolutionGuid = {14B847A2-3EF0-4258-BFCA-1898171F2D25}
	EndGlobalSection
EndGlobal
